Microsoft Visual Studio Solution File, Format Version 12.00
# Visual Studio Version 17
VisualStudioVersion = 17.13.35828.75
MinimumVisualStudioVersion = 10.0.40219.1
Project("{FAE04EC0-301F-11D3-BF4B-00C04F79EFBC}") = "Products.API", "Products.API\Products.API.csproj", "{EF294C07-1F34-40A1-B492-4698B2384C6E}"
EndProject
Project("{FAE04EC0-301F-11D3-BF4B-00C04F79EFBC}") = "Auth.API", "Auth.API\Auth.API.csproj", "{430E49AB-9BAE-4FF0-BF3B-7B3DC56E000E}"
EndProject
Global
	GlobalSection(SolutionConfigurationPlatforms) = preSolution
		Debug|Any CPU = Debug|Any CPU
		Release|Any CPU = Release|Any CPU
	EndGlobalSection
	GlobalSection(ProjectConfigurationPlatforms) = postSolution
		{EF294C07-1F34-40A1-B492-4698B2384C6E}.Debug|Any CPU.ActiveCfg = Debug|Any CPU
		{EF294C07-1F34-40A1-B492-4698B2384C6E}.Debug|Any CPU.Build.0 = Debug|Any CPU
		{EF294C07-1F34-40A1-B492-4698B2384C6E}.Release|Any CPU.ActiveCfg = Release|Any CPU
		{EF294C07-1F34-40A1-B492-4698B2384C6E}.Release|Any CPU.Build.0 = Release|Any CPU
		{430E49AB-9BAE-4FF0-BF3B-7B3DC56E000E}.Debug|Any CPU.ActiveCfg = Debug|Any CPU
		{430E49AB-9BAE-4FF0-BF3B-7B3DC56E000E}.Debug|Any CPU.Build.0 = Debug|Any CPU
		{430E49AB-9BAE-4FF0-BF3B-7B3DC56E000E}.Release|Any CPU.ActiveCfg = Release|Any CPU
		{430E49AB-9BAE-4FF0-BF3B-7B3DC56E000E}.Release|Any CPU.Build.0 = Release|Any CPU
	EndGlobalSection
	GlobalSection(SolutionProperties) = preSolution
		HideSolutionNode = FALSE
	EndGlobalSection
	GlobalSection(ExtensibilityGlobals) = postSolution
		SolutionGuid = {3E6282B6-421C-4D4E-9CD4-7E67108FD846}
	EndGlobalSection
EndGlobal
